
Microsoft Visual Studio Solution File, Format Version 12.00
# Visual Studio Version 17
VisualStudioVersion = 17.10.35027.167
MinimumVisualStudioVersion = 10.0.40219.1
Project("{9A19103F-16F7-4668-BE54-9A1E7A4F7556}") = "BookingSystem.API", "BookingSystem\BookingSystem.API.csproj", "{9AE5EF5A-B374-49CF-97C0-0D35A55058FC}"
EndProject
Project("{9A19103F-16F7-4668-BE54-9A1E7A4F7556}") = "BookingSystem.DataAccess", "BookingSystem.DataAccess\BookingSystem.DataAccess.csproj", "{6200EF25-D328-4245-81E3-D442E1D0F196}"
EndProject
Project("{9A19103F-16F7-4668-BE54-9A1E7A4F7556}") = "BookingSystem.DTO", "BookingSystem.DTO\BookingSystem.DTO.csproj", "{BC982358-B27C-4ADA-8735-A65A1A515C43}"
EndProject
Project("{9A19103F-16F7-4668-BE54-9A1E7A4F7556}") = "BookingSystem.Service", "BookingSystem.Provider\BookingSystem.Service.csproj", "{05B17382-B244-4CEF-909E-10C3E0E789B7}"
EndProject
Project("{FAE04EC0-301F-11D3-BF4B-00C04F79EFBC}") = "BookingSystem.WEB", "BookingSystem.WEB\BookingSystem.WEB.csproj", "{28616D5C-00A0-4D0E-8356-DFCD186076E1}"
EndProject
Global
	GlobalSection(SolutionConfigurationPlatforms) = preSolution
		Debug|Any CPU = Debug|Any CPU
		Release|Any CPU = Release|Any CPU
	EndGlobalSection
	GlobalSection(ProjectConfigurationPlatforms) = postSolution
		{9AE5EF5A-B374-49CF-97C0-0D35A55058FC}.Debug|Any CPU.ActiveCfg = Debug|Any CPU
		{9AE5EF5A-B374-49CF-97C0-0D35A55058FC}.Debug|Any CPU.Build.0 = Debug|Any CPU
		{9AE5EF5A-B374-49CF-97C0-0D35A55058FC}.Release|Any CPU.ActiveCfg = Release|Any CPU
		{9AE5EF5A-B374-49CF-97C0-0D35A55058FC}.Release|Any CPU.Build.0 = Release|Any CPU
		{6200EF25-D328-4245-81E3-D442E1D0F196}.Debug|Any CPU.ActiveCfg = Debug|Any CPU
		{6200EF25-D328-4245-81E3-D442E1D0F196}.Debug|Any CPU.Build.0 = Debug|Any CPU
		{6200EF25-D328-4245-81E3-D442E1D0F196}.Release|Any CPU.ActiveCfg = Release|Any CPU
		{6200EF25-D328-4245-81E3-D442E1D0F196}.Release|Any CPU.Build.0 = Release|Any CPU
		{BC982358-B27C-4ADA-8735-A65A1A515C43}.Debug|Any CPU.ActiveCfg = Debug|Any CPU
		{BC982358-B27C-4ADA-8735-A65A1A515C43}.Debug|Any CPU.Build.0 = Debug|Any CPU
		{BC982358-B27C-4ADA-8735-A65A1A515C43}.Release|Any CPU.ActiveCfg = Release|Any CPU
		{BC982358-B27C-4ADA-8735-A65A1A515C43}.Release|Any CPU.Build.0 = Release|Any CPU
		{05B17382-B244-4CEF-909E-10C3E0E789B7}.Debug|Any CPU.ActiveCfg = Debug|Any CPU
		{05B17382-B244-4CEF-909E-10C3E0E789B7}.Debug|Any CPU.Build.0 = Debug|Any CPU
		{05B17382-B244-4CEF-909E-10C3E0E789B7}.Release|Any CPU.ActiveCfg = Release|Any CPU
		{05B17382-B244-4CEF-909E-10C3E0E789B7}.Release|Any CPU.Build.0 = Release|Any CPU
		{28616D5C-00A0-4D0E-8356-DFCD186076E1}.Debug|Any CPU.ActiveCfg = Debug|Any CPU
		{28616D5C-00A0-4D0E-8356-DFCD186076E1}.Debug|Any CPU.Build.0 = Debug|Any CPU
		{28616D5C-00A0-4D0E-8356-DFCD186076E1}.Release|Any CPU.ActiveCfg = Release|Any CPU
		{28616D5C-00A0-4D0E-8356-DFCD186076E1}.Release|Any CPU.Build.0 = Release|Any CPU
	EndGlobalSection
	GlobalSection(SolutionProperties) = preSolution
		HideSolutionNode = FALSE
	EndGlobalSection
	GlobalSection(ExtensibilityGlobals) = postSolution
		SolutionGuid = {0CA3B8EB-BD2E-4DFC-B592-1F0E99DB1698}
	EndGlobalSection
EndGlobal
